
Microsoft Visual Studio Solution File, Format Version 12.00
# Visual Studio Version 17
VisualStudioVersion = 17.10.35013.160
MinimumVisualStudioVersion = 10.0.40219.1
Project("{FAE04EC0-301F-11D3-BF4B-00C04F79EFBC}") = "ms-source-create.Api", "ms-source-create.Api\ms-source-create.Api.csproj", "{870B9C3D-C36D-4BCA-9EBC-7879AD983F2D}"
EndProject
Project("{FAE04EC0-301F-11D3-BF4B-00C04F79EFBC}") = "ms-source-get.Api", "ms-source-get.Api\ms-source-get.Api.csproj", "{8A863295-D4D3-418A-ABF9-3458922EEFE9}"
EndProject
Project("{FAE04EC0-301F-11D3-BF4B-00C04F79EFBC}") = "ms-source-delete.Api", "ms-source-delete.Api\ms-source-delete.Api.csproj", "{FE1FAF99-0A00-4BB6-8CBA-9D3D2659CB12}"
EndProject
Project("{FAE04EC0-301F-11D3-BF4B-00C04F79EFBC}") = "ms-source-put.Api", "ms-source-put.Api\ms-source-put.Api.csproj", "{C54567B0-EC20-4E01-A784-472C3D4C6D0E}"
EndProject
Project("{FAE04EC0-301F-11D3-BF4B-00C04F79EFBC}") = "ms-source-create.Domain", "ms-source-create.Domain\ms-source-create.Domain.csproj", "{35CBE13A-B0D3-45BF-BC90-E61F29A1C86B}"
EndProject
Project("{FAE04EC0-301F-11D3-BF4B-00C04F79EFBC}") = "ms-source-create.Infraestructure", "ms-source-create.Infraestructure\ms-source-create.Infraestructure.csproj", "{BEAB8FED-7A3B-4D20-AA79-AFF28D188123}"
EndProject
Global
	GlobalSection(SolutionConfigurationPlatforms) = preSolution
		Debug|Any CPU = Debug|Any CPU
		Release|Any CPU = Release|Any CPU
	EndGlobalSection
	GlobalSection(ProjectConfigurationPlatforms) = postSolution
		{870B9C3D-C36D-4BCA-9EBC-7879AD983F2D}.Debug|Any CPU.ActiveCfg = Debug|Any CPU
		{870B9C3D-C36D-4BCA-9EBC-7879AD983F2D}.Debug|Any CPU.Build.0 = Debug|Any CPU
		{870B9C3D-C36D-4BCA-9EBC-7879AD983F2D}.Release|Any CPU.ActiveCfg = Release|Any CPU
		{870B9C3D-C36D-4BCA-9EBC-7879AD983F2D}.Release|Any CPU.Build.0 = Release|Any CPU
		{8A863295-D4D3-418A-ABF9-3458922EEFE9}.Debug|Any CPU.ActiveCfg = Debug|Any CPU
		{8A863295-D4D3-418A-ABF9-3458922EEFE9}.Debug|Any CPU.Build.0 = Debug|Any CPU
		{8A863295-D4D3-418A-ABF9-3458922EEFE9}.Release|Any CPU.ActiveCfg = Release|Any CPU
		{8A863295-D4D3-418A-ABF9-3458922EEFE9}.Release|Any CPU.Build.0 = Release|Any CPU
		{FE1FAF99-0A00-4BB6-8CBA-9D3D2659CB12}.Debug|Any CPU.ActiveCfg = Debug|Any CPU
		{FE1FAF99-0A00-4BB6-8CBA-9D3D2659CB12}.Debug|Any CPU.Build.0 = Debug|Any CPU
		{FE1FAF99-0A00-4BB6-8CBA-9D3D2659CB12}.Release|Any CPU.ActiveCfg = Release|Any CPU
		{FE1FAF99-0A00-4BB6-8CBA-9D3D2659CB12}.Release|Any CPU.Build.0 = Release|Any CPU
		{C54567B0-EC20-4E01-A784-472C3D4C6D0E}.Debug|Any CPU.ActiveCfg = Debug|Any CPU
		{C54567B0-EC20-4E01-A784-472C3D4C6D0E}.Debug|Any CPU.Build.0 = Debug|Any CPU
		{C54567B0-EC20-4E01-A784-472C3D4C6D0E}.Release|Any CPU.ActiveCfg = Release|Any CPU
		{C54567B0-EC20-4E01-A784-472C3D4C6D0E}.Release|Any CPU.Build.0 = Release|Any CPU
		{35CBE13A-B0D3-45BF-BC90-E61F29A1C86B}.Debug|Any CPU.ActiveCfg = Debug|Any CPU
		{35CBE13A-B0D3-45BF-BC90-E61F29A1C86B}.Debug|Any CPU.Build.0 = Debug|Any CPU
		{35CBE13A-B0D3-45BF-BC90-E61F29A1C86B}.Release|Any CPU.ActiveCfg = Release|Any CPU
		{35CBE13A-B0D3-45BF-BC90-E61F29A1C86B}.Release|Any CPU.Build.0 = Release|Any CPU
		{BEAB8FED-7A3B-4D20-AA79-AFF28D188123}.Debug|Any CPU.ActiveCfg = Debug|Any CPU
		{BEAB8FED-7A3B-4D20-AA79-AFF28D188123}.Debug|Any CPU.Build.0 = Debug|Any CPU
		{BEAB8FED-7A3B-4D20-AA79-AFF28D188123}.Release|Any CPU.ActiveCfg = Release|Any CPU
		{BEAB8FED-7A3B-4D20-AA79-AFF28D188123}.Release|Any CPU.Build.0 = Release|Any CPU
	EndGlobalSection
	GlobalSection(SolutionProperties) = preSolution
		HideSolutionNode = FALSE
	EndGlobalSection
	GlobalSection(ExtensibilityGlobals) = postSolution
		SolutionGuid = {83F60991-070C-4AA7-932F-713224FFC4EC}
	EndGlobalSection
EndGlobal
